{
  "name": "@cloud-cli/http",
  "version": "0.0.0",
  "lockfileVersion": 3,
  "requires": true,
  "packages": {
    "": {
      "name": "@cloud-cli/http",
      "version": "0.0.0",
      "license": "MIT",
      "dependencies": {
        "@cloud-cli/proxy": "latest"
      },
      "devDependencies": {
        "@cloud-cli/typescript-config": "^1.0.1",
        "@types/node": "^20.12.8",
        "typescript": "^5.4.5"
      }
    },
    "node_modules/@cloud-cli/proxy": {
      "version": "1.10.1",
      "resolved": "https://registry.npmjs.org/@cloud-cli/proxy/-/proxy-1.10.1.tgz",
      "integrity": "sha512-z0yzBgPWXW9Rx+wRA5yseCwuHNBTUjtVaNpzSHHu8yagWWZ8D2n+C7sEIBgqCSMlbccNvC41mrK5IwTxHwxrhA==",
      "bin": {
        "http-proxy": "cli.mjs"
      }
    },
    "node_modules/@cloud-cli/typescript-config": {
      "version": "1.0.1",
      "resolved": "https://registry.npmjs.org/@cloud-cli/typescript-config/-/typescript-config-1.0.1.tgz",
      "integrity": "sha512-Mo2IL2gTDRqDdoDn7qZLWjFRpXSODmHk0IhZZMpVt0XLfv8V4QQj8mGTJJQCq9HBncyowk3+OYWV4OD8x5BW9w==",
      "dev": true
    },
    "node_modules/@types/node": {
      "version": "20.14.13",
      "resolved": "https://registry.npmjs.org/@types/node/-/node-20.14.13.tgz",
      "integrity": "sha512-+bHoGiZb8UiQ0+WEtmph2IWQCjIqg8MDZMAV+ppRRhUZnquF5mQkP/9vpSwJClEiSM/C7fZZExPzfU0vJTyp8w==",
      "dev": true,
      "dependencies": {
        "undici-types": "~5.26.4"
      }
    },
    "node_modules/typescript": {
      "version": "5.5.4",
      "resolved": "https://registry.npmjs.org/typescript/-/typescript-5.5.4.tgz",
      "integrity": "sha512-Mtq29sKDAEYP7aljRgtPOpTvOfbwRWlS6dPRzwjdE+C0R4brX/GUyhHSecbHMFLNBLcJIPt9nl9yG5TZ1weH+Q==",
      "dev": true,
      "bin": {
        "tsc": "bin/tsc",
        "tsserver": "bin/tsserver"
      },
      "engines": {
        "node": ">=14.17"
      }
    },
    "node_modules/undici-types": {
      "version": "5.26.5",
      "resolved": "https://registry.npmjs.org/undici-types/-/undici-types-5.26.5.tgz",
      "integrity": "sha512-JlCMO+ehdEIKqlFxk6IfVoAUVmgz7cU7zD/h9XZ0qzeosSHmUJVOzSQvvYSYWXkFXC+IfLKSIffhv0sVZup6pA==",
      "dev": true
    }
  }
}
